// !$*UTF8*$!
{
	archiveVersion = 1;
	classes = {
	};
	objectVersion = 52;
	objects = {

/* Begin PBXBuildFile section */
		4E8B8CA3276A57CD00D346D3 /* AppDelegate.swift in Sources */ = {isa = PBXBuildFile; fileRef = 4E8B8CA2276A57CD00D346D3 /* AppDelegate.swift */; };
		4E8B8CA5276A57CD00D346D3 /* SceneDelegate.swift in Sources */ = {isa = PBXBuildFile; fileRef = 4E8B8CA4276A57CD00D346D3 /* SceneDelegate.swift */; };
		4E8B8CA7276A57CD00D346D3 /* ContentView.swift in Sources */ = {isa = PBXBuildFile; fileRef = 4E8B8CA6276A57CD00D346D3 /* ContentView.swift */; };
		4E8B8CA9276A57CD00D346D3 /* Assets.xcassets in Resources */ = {isa = PBXBuildFile; fileRef = 4E8B8CA8276A57CD00D346D3 /* Assets.xcassets */; };
		4E8B8CAF276A57CD00D346D3 /* LaunchScreen.storyboard in Resources */ = {isa = PBXBuildFile; fileRef = 4E8B8CAD276A57CD00D346D3 /* LaunchScreen.storyboard */; };
		4E8B8CDE276B656600D346D3 /* Alamofire in Frameworks */ = {isa = PBXBuildFile; productRef = 4E8B8CDD276B656600D346D3 /* Alamofire */; };
		4E8B8D01276B9E6C00D346D3 /* SwiftyJSON in Frameworks */ = {isa = PBXBuildFile; productRef = 4E8B8D00276B9E6C00D346D3 /* SwiftyJSON */; };
		4E8B8D04276B9EBA00D346D3 /* SDWebImageSwiftUI in Frameworks */ = {isa = PBXBuildFile; productRef = 4E8B8D03276B9EBA00D346D3 /* SDWebImageSwiftUI */; };
		4E8B8D07276BC27300D346D3 /* Repositories.swift in Sources */ = {isa = PBXBuildFile; fileRef = 4E8B8D06276BC27300D346D3 /* Repositories.swift */; };
		4E8B8D09276BC29000D346D3 /* Owner.swift in Sources */ = {isa = PBXBuildFile; fileRef = 4E8B8D08276BC29000D346D3 /* Owner.swift */; };
		4E8B8D0B276BC2F300D346D3 /* RepositoriesItens.swift in Sources */ = {isa = PBXBuildFile; fileRef = 4E8B8D0A276BC2F300D346D3 /* RepositoriesItens.swift */; };
		4E8B8D0E276BC34600D346D3 /* GithubServices.swift in Sources */ = {isa = PBXBuildFile; fileRef = 4E8B8D0D276BC34600D346D3 /* GithubServices.swift */; };
		4E8B8D11276BD10E00D346D3 /* RepositoriesViewModel.swift in Sources */ = {isa = PBXBuildFile; fileRef = 4E8B8D10276BD10E00D346D3 /* RepositoriesViewModel.swift */; };
		4E8B8D14276D05BF00D346D3 /* PullView.swift in Sources */ = {isa = PBXBuildFile; fileRef = 4E8B8D13276D05BF00D346D3 /* PullView.swift */; };
		4E8B8D16276D0C4400D346D3 /* Pull.swift in Sources */ = {isa = PBXBuildFile; fileRef = 4E8B8D15276D0C4400D346D3 /* Pull.swift */; };
		4E8B8D18276D0D8D00D346D3 /* PullService.swift in Sources */ = {isa = PBXBuildFile; fileRef = 4E8B8D17276D0D8D00D346D3 /* PullService.swift */; };
		4E8B8D1A276D17CF00D346D3 /* PullViewModel.swift in Sources */ = {isa = PBXBuildFile; fileRef = 4E8B8D19276D17CF00D346D3 /* PullViewModel.swift */; };
/* End PBXBuildFile section */

/* Begin PBXFileReference section */
		4E8B8C9F276A57CD00D346D3 /* DesafioModal2.app */ = {isa = PBXFileReference; explicitFileType = wrapper.application; includeInIndex = 0; path = DesafioModal2.app; sourceTree = BUILT_PRODUCTS_DIR; };
		4E8B8CA2276A57CD00D346D3 /* AppDelegate.swift */ = {isa = PBXFileReference; lastKnownFileType = sourcecode.swift; path = AppDelegate.swift; sourceTree = "<group>"; };
		4E8B8CA4276A57CD00D346D3 /* SceneDelegate.swift */ = {isa = PBXFileReference; lastKnownFileType = sourcecode.swift; path = SceneDelegate.swift; sourceTree = "<group>"; };
		4E8B8CA6276A57CD00D346D3 /* ContentView.swift */ = {isa = PBXFileReference; lastKnownFileType = sourcecode.swift; path = ContentView.swift; sourceTree = "<group>"; };
		4E8B8CA8276A57CD00D346D3 /* Assets.xcassets */ = {isa = PBXFileReference; lastKnownFileType = folder.assetcatalog; path = Assets.xcassets; sourceTree = "<group>"; };
		4E8B8CAE276A57CD00D346D3 /* Base */ = {isa = PBXFileReference; lastKnownFileType = file.storyboard; name = Base; path = Base.lproj/LaunchScreen.storyboard; sourceTree = "<group>"; };
		4E8B8CB0276A57CD00D346D3 /* Info.plist */ = {isa = PBXFileReference; lastKnownFileType = text.plist.xml; path = Info.plist; sourceTree = "<group>"; };
		4E8B8D06276BC27300D346D3 /* Repositories.swift */ = {isa = PBXFileReference; lastKnownFileType = sourcecode.swift; path = Repositories.swift; sourceTree = "<group>"; };
		4E8B8D08276BC29000D346D3 /* Owner.swift */ = {isa = PBXFileReference; lastKnownFileType = sourcecode.swift; path = Owner.swift; sourceTree = "<group>"; };
		4E8B8D0A276BC2F300D346D3 /* RepositoriesItens.swift */ = {isa = PBXFileReference; lastKnownFileType = sourcecode.swift; path = RepositoriesItens.swift; sourceTree = "<group>"; };
		4E8B8D0D276BC34600D346D3 /* GithubServices.swift */ = {isa = PBXFileReference; lastKnownFileType = sourcecode.swift; path = GithubServices.swift; sourceTree = "<group>"; };
		4E8B8D10276BD10E00D346D3 /* RepositoriesViewModel.swift */ = {isa = PBXFileReference; lastKnownFileType = sourcecode.swift; path = RepositoriesViewModel.swift; sourceTree = "<group>"; };
		4E8B8D13276D05BF00D346D3 /* PullView.swift */ = {isa = PBXFileReference; lastKnownFileType = sourcecode.swift; path = PullView.swift; sourceTree = "<group>"; };
		4E8B8D15276D0C4400D346D3 /* Pull.swift */ = {isa = PBXFileReference; lastKnownFileType = sourcecode.swift; path = Pull.swift; sourceTree = "<group>"; };
		4E8B8D17276D0D8D00D346D3 /* PullService.swift */ = {isa = PBXFileReference; lastKnownFileType = sourcecode.swift; path = PullService.swift; sourceTree = "<group>"; };
		4E8B8D19276D17CF00D346D3 /* PullViewModel.swift */ = {isa = PBXFileReference; lastKnownFileType = sourcecode.swift; path = PullViewModel.swift; sourceTree = "<group>"; };
/* End PBXFileReference section */

/* Begin PBXFrameworksBuildPhase section */
		4E8B8C9C276A57CD00D346D3 /* Frameworks */ = {
			isa = PBXFrameworksBuildPhase;
			buildActionMask = 2147483647;
			files = (
				4E8B8D04276B9EBA00D346D3 /* SDWebImageSwiftUI in Frameworks */,
				4E8B8D01276B9E6C00D346D3 /* SwiftyJSON in Frameworks */,
				4E8B8CDE276B656600D346D3 /* Alamofire in Frameworks */,
			);
			runOnlyForDeploymentPostprocessing = 0;
		};
/* End PBXFrameworksBuildPhase section */

/* Begin PBXGroup section */
		4E8B8C96276A57CD00D346D3 = {
			isa = PBXGroup;
			children = (
				4E8B8CA1276A57CD00D346D3 /* DesafioModal2 */,
				4E8B8CA0276A57CD00D346D3 /* Products */,
			);
			sourceTree = "<group>";
		};
		4E8B8CA0276A57CD00D346D3 /* Products */ = {
			isa = PBXGroup;
			children = (
				4E8B8C9F276A57CD00D346D3 /* DesafioModal2.app */,
			);
			name = Products;
			sourceTree = "<group>";
		};
		4E8B8CA1276A57CD00D346D3 /* DesafioModal2 */ = {
			isa = PBXGroup;
			children = (
				4E8B8D0F276BD10000D346D3 /* ViewModel */,
				4E8B8D0C276BC32C00D346D3 /* GitHubService */,
				4E8B8D05276BC25600D346D3 /* Model */,
				4E8B8CA2276A57CD00D346D3 /* AppDelegate.swift */,
				4E8B8CA4276A57CD00D346D3 /* SceneDelegate.swift */,
				4E8B8CA6276A57CD00D346D3 /* ContentView.swift */,
				4E8B8D13276D05BF00D346D3 /* PullView.swift */,
				4E8B8CA8276A57CD00D346D3 /* Assets.xcassets */,
				4E8B8CAD276A57CD00D346D3 /* LaunchScreen.storyboard */,
				4E8B8CB0276A57CD00D346D3 /* Info.plist */,
			);
			path = DesafioModal2;
			sourceTree = "<group>";
		};
		4E8B8D05276BC25600D346D3 /* Model */ = {
			isa = PBXGroup;
			children = (
				4E8B8D06276BC27300D346D3 /* Repositories.swift */,
				4E8B8D08276BC29000D346D3 /* Owner.swift */,
				4E8B8D0A276BC2F300D346D3 /* RepositoriesItens.swift */,
				4E8B8D15276D0C4400D346D3 /* Pull.swift */,
			);
			path = Model;
			sourceTree = "<group>";
		};
		4E8B8D0C276BC32C00D346D3 /* GitHubService */ = {
			isa = PBXGroup;
			children = (
				4E8B8D0D276BC34600D346D3 /* GithubServices.swift */,
				4E8B8D17276D0D8D00D346D3 /* PullService.swift */,
			);
			path = GitHubService;
			sourceTree = "<group>";
		};
		4E8B8D0F276BD10000D346D3 /* ViewModel */ = {
			isa = PBXGroup;
			children = (
				4E8B8D10276BD10E00D346D3 /* RepositoriesViewModel.swift */,
				4E8B8D19276D17CF00D346D3 /* PullViewModel.swift */,
			);
			path = ViewModel;
			sourceTree = "<group>";
		};
/* End PBXGroup section */

/* Begin PBXNativeTarget section */
		4E8B8C9E276A57CD00D346D3 /* DesafioModal2 */ = {
			isa = PBXNativeTarget;
			buildConfigurationList = 4E8B8CB3276A57CD00D346D3 /* Build configuration list for PBXNativeTarget "DesafioModal2" */;
			buildPhases = (
				4E8B8C9B276A57CD00D346D3 /* Sources */,
				4E8B8D12276CE88700D346D3 /* ShellScript */,
				4E8B8C9C276A57CD00D346D3 /* Frameworks */,
				4E8B8C9D276A57CD00D346D3 /* Resources */,
			);
			buildRules = (
			);
			dependencies = (
			);
			name = DesafioModal2;
			packageProductDependencies = (
				4E8B8CDD276B656600D346D3 /* Alamofire */,
				4E8B8D00276B9E6C00D346D3 /* SwiftyJSON */,
				4E8B8D03276B9EBA00D346D3 /* SDWebImageSwiftUI */,
			);
			productName = DesafioModal2;
			productReference = 4E8B8C9F276A57CD00D346D3 /* DesafioModal2.app */;
			productType = "com.apple.product-type.application";
		};
/* End PBXNativeTarget section */

/* Begin PBXProject section */
		4E8B8C97276A57CD00D346D3 /* Project object */ = {
			isa = PBXProject;
			attributes = {
				LastSwiftUpdateCheck = 1250;
				LastUpgradeCheck = 1250;
				TargetAttributes = {
					4E8B8C9E276A57CD00D346D3 = {
						CreatedOnToolsVersion = 12.5.1;
					};
				};
			};
			buildConfigurationList = 4E8B8C9A276A57CD00D346D3 /* Build configuration list for PBXProject "DesafioModal2" */;
			compatibilityVersion = "Xcode 9.3";
			developmentRegion = en;
			hasScannedForEncodings = 0;
			knownRegions = (
				en,
				Base,
			);
			mainGroup = 4E8B8C96276A57CD00D346D3;
			packageReferences = (
				4E8B8CDC276B656600D346D3 /* XCRemoteSwiftPackageReference "Alamofire" */,
				4E8B8CFF276B9E6B00D346D3 /* XCRemoteSwiftPackageReference "SwiftyJSON" */,
				4E8B8D02276B9EBA00D346D3 /* XCRemoteSwiftPackageReference "SDWebImageSwiftUI" */,
			);
			productRefGroup = 4E8B8CA0276A57CD00D346D3 /* Products */;
			projectDirPath = "";
			projectRoot = "";
			targets = (
				4E8B8C9E276A57CD00D346D3 /* DesafioModal2 */,
			);
		};
/* End PBXProject section */

/* Begin PBXResourcesBuildPhase section */
		4E8B8C9D276A57CD00D346D3 /* Resources */ = {
			isa = PBXResourcesBuildPhase;
			buildActionMask = 2147483647;
			files = (
				4E8B8CAF276A57CD00D346D3 /* LaunchScreen.storyboard in Resources */,
				4E8B8CA9276A57CD00D346D3 /* Assets.xcassets in Resources */,
			);
			runOnlyForDeploymentPostprocessing = 0;
		};
/* End PBXResourcesBuildPhase section */

/* Begin PBXShellScriptBuildPhase section */
		4E8B8D12276CE88700D346D3 /* ShellScript */ = {
			isa = PBXShellScriptBuildPhase;
			buildActionMask = 2147483647;
			files = (
			);
			inputFileListPaths = (
			);
			inputPaths = (
			);
			outputFileListPaths = (
			);
			outputPaths = (
			);
			runOnlyForDeploymentPostprocessing = 0;
			shellPath = /bin/sh;
			shellScript = "swiftlint='/opt/homebrew/bin/swiftlint'\n\nif which $swiftlint >/dev/null; then\n    $swiftlint autocorrect && $swiftlint\nelse\n    echo \"warning: SwiftLint not installed, download from https://github.com/realm/SwiftLint\"\nfi\n";
		};
/* End PBXShellScriptBuildPhase section */

/* Begin PBXSourcesBuildPhase section */
		4E8B8C9B276A57CD00D346D3 /* Sources */ = {
			isa = PBXSourcesBuildPhase;
			buildActionMask = 2147483647;
			files = (
				4E8B8CA3276A57CD00D346D3 /* AppDelegate.swift in Sources */,
				4E8B8D14276D05BF00D346D3 /* PullView.swift in Sources */,
				4E8B8D0E276BC34600D346D3 /* GithubServices.swift in Sources */,
				4E8B8D07276BC27300D346D3 /* Repositories.swift in Sources */,
				4E8B8CA5276A57CD00D346D3 /* SceneDelegate.swift in Sources */,
				4E8B8D09276BC29000D346D3 /* Owner.swift in Sources */,
				4E8B8D1A276D17CF00D346D3 /* PullViewModel.swift in Sources */,
				4E8B8D16276D0C4400D346D3 /* Pull.swift in Sources */,
				4E8B8D11276BD10E00D346D3 /* RepositoriesViewModel.swift in Sources */,
				4E8B8CA7276A57CD00D346D3 /* ContentView.swift in Sources */,
				4E8B8D0B276BC2F300D346D3 /* RepositoriesItens.swift in Sources */,
				4E8B8D18276D0D8D00D346D3 /* PullService.swift in Sources */,
			);
			runOnlyForDeploymentPostprocessing = 0;
		};
/* End PBXSourcesBuildPhase section */

/* Begin PBXVariantGroup section */
		4E8B8CAD276A57CD00D346D3 /* LaunchScreen.storyboard */ = {
			isa = PBXVariantGroup;
			children = (
				4E8B8CAE276A57CD00D346D3 /* Base */,
			);
			name = LaunchScreen.storyboard;
			sourceTree = "<group>";
		};
/* End PBXVariantGroup section */

/* Begin XCBuildConfiguration section */
		4E8B8CB1276A57CD00D346D3 /* Debug */ = {
			isa = XCBuildConfiguration;
			buildSettings = {
				ALWAYS_SEARCH_USER_PATHS = NO;
				CLANG_ANALYZER_NONNULL = YES;
				CLANG_ANALYZER_NUMBER_OBJECT_CONVERSION = YES_AGGRESSIVE;
				CLANG_CXX_LANGUAGE_STANDARD = "gnu++14";
				CLANG_CXX_LIBRARY = "libc++";
				CLANG_ENABLE_MODULES = YES;
				CLANG_ENABLE_OBJC_ARC = YES;
				CLANG_ENABLE_OBJC_WEAK = YES;
				CLANG_WARN_BLOCK_CAPTURE_AUTORELEASING = YES;
				CLANG_WARN_BOOL_CONVERSION = YES;
				CLANG_WARN_COMMA = YES;
				CLANG_WARN_CONSTANT_CONVERSION = YES;
				CLANG_WARN_DEPRECATED_OBJC_IMPLEMENTATIONS = YES;
				CLANG_WARN_DIRECT_OBJC_ISA_USAGE = YES_ERROR;
				CLANG_WARN_DOCUMENTATION_COMMENTS = YES;
				CLANG_WARN_EMPTY_BODY = YES;
				CLANG_WARN_ENUM_CONVERSION = YES;
				CLANG_WARN_INFINITE_RECURSION = YES;
				CLANG_WARN_INT_CONVERSION = YES;
				CLANG_WARN_NON_LITERAL_NULL_CONVERSION = YES;
				CLANG_WARN_OBJC_IMPLICIT_RETAIN_SELF = YES;
				CLANG_WARN_OBJC_LITERAL_CONVERSION = YES;
				CLANG_WARN_OBJC_ROOT_CLASS = YES_ERROR;
				CLANG_WARN_QUOTED_INCLUDE_IN_FRAMEWORK_HEADER = YES;
				CLANG_WARN_RANGE_LOOP_ANALYSIS = YES;
				CLANG_WARN_STRICT_PROTOTYPES = YES;
				CLANG_WARN_SUSPICIOUS_MOVE = YES;
				CLANG_WARN_UNGUARDED_AVAILABILITY = YES_AGGRESSIVE;
				CLANG_WARN_UNREACHABLE_CODE = YES;
				CLANG_WARN__DUPLICATE_METHOD_MATCH = YES;
				COPY_PHASE_STRIP = NO;
				DEBUG_INFORMATION_FORMAT = dwarf;
				ENABLE_STRICT_OBJC_MSGSEND = YES;
				ENABLE_TESTABILITY = YES;
				GCC_C_LANGUAGE_STANDARD = gnu11;
				GCC_DYNAMIC_NO_PIC = NO;
				GCC_NO_COMMON_BLOCKS = YES;
				GCC_OPTIMIZATION_LEVEL = 0;
				GCC_PREPROCESSOR_DEFINITIONS = (
					"DEBUG=1",
					"$(inherited)",
				);
				GCC_WARN_64_TO_32_BIT_CONVERSION = YES;
				GCC_WARN_ABOUT_RETURN_TYPE = YES_ERROR;
				GCC_WARN_UNDECLARED_SELECTOR = YES;
				GCC_WARN_UNINITIALIZED_AUTOS = YES_AGGRESSIVE;
				GCC_WARN_UNUSED_FUNCTION = YES;
				GCC_WARN_UNUSED_VARIABLE = YES;
				IPHONEOS_DEPLOYMENT_TARGET = 13.0;
				MTL_ENABLE_DEBUG_INFO = INCLUDE_SOURCE;
				MTL_FAST_MATH = YES;
				ONLY_ACTIVE_ARCH = YES;
				SDKROOT = iphoneos;
				SWIFT_ACTIVE_COMPILATION_CONDITIONS = DEBUG;
				SWIFT_OPTIMIZATION_LEVEL = "-Onone";
			};
			name = Debug;
		};
		4E8B8CB2276A57CD00D346D3 /* Release */ = {
			isa = XCBuildConfiguration;
			buildSettings = {
				ALWAYS_SEARCH_USER_PATHS = NO;
				CLANG_ANALYZER_NONNULL = YES;
				CLANG_ANALYZER_NUMBER_OBJECT_CONVERSION = YES_AGGRESSIVE;
				CLANG_CXX_LANGUAGE_STANDARD = "gnu++14";
				CLANG_CXX_LIBRARY = "libc++";
				CLANG_ENABLE_MODULES = YES;
				CLANG_ENABLE_OBJC_ARC = YES;
				CLANG_ENABLE_OBJC_WEAK = YES;
				CLANG_WARN_BLOCK_CAPTURE_AUTORELEASING = YES;
				CLANG_WARN_BOOL_CONVERSION = YES;
				CLANG_WARN_COMMA = YES;
				CLANG_WARN_CONSTANT_CONVERSION = YES;
				CLANG_WARN_DEPRECATED_OBJC_IMPLEMENTATIONS = YES;
				CLANG_WARN_DIRECT_OBJC_ISA_USAGE = YES_ERROR;
				CLANG_WARN_DOCUMENTATION_COMMENTS = YES;
				CLANG_WARN_EMPTY_BODY = YES;
				CLANG_WARN_ENUM_CONVERSION = YES;
				CLANG_WARN_INFINITE_RECURSION = YES;
				CLANG_WARN_INT_CONVERSION = YES;
				CLANG_WARN_NON_LITERAL_NULL_CONVERSION = YES;
				CLANG_WARN_OBJC_IMPLICIT_RETAIN_SELF = YES;
				CLANG_WARN_OBJC_LITERAL_CONVERSION = YES;
				CLANG_WARN_OBJC_ROOT_CLASS = YES_ERROR;
				CLANG_WARN_QUOTED_INCLUDE_IN_FRAMEWORK_HEADER = YES;
				CLANG_WARN_RANGE_LOOP_ANALYSIS = YES;
				CLANG_WARN_STRICT_PROTOTYPES = YES;
				CLANG_WARN_SUSPICIOUS_MOVE = YES;
				CLANG_WARN_UNGUARDED_AVAILABILITY = YES_AGGRESSIVE;
				CLANG_WARN_UNREACHABLE_CODE = YES;
				CLANG_WARN__DUPLICATE_METHOD_MATCH = YES;
				COPY_PHASE_STRIP = NO;
				DEBUG_INFORMATION_FORMAT = "dwarf-with-dsym";
				ENABLE_NS_ASSERTIONS = NO;
				ENABLE_STRICT_OBJC_MSGSEND = YES;
				GCC_C_LANGUAGE_STANDARD = gnu11;
				GCC_NO_COMMON_BLOCKS = YES;
				GCC_WARN_64_TO_32_BIT_CONVERSION = YES;
				GCC_WARN_ABOUT_RETURN_TYPE = YES_ERROR;
				GCC_WARN_UNDECLARED_SELECTOR = YES;
				GCC_WARN_UNINITIALIZED_AUTOS = YES_AGGRESSIVE;
				GCC_WARN_UNUSED_FUNCTION = YES;
				GCC_WARN_UNUSED_VARIABLE = YES;
				IPHONEOS_DEPLOYMENT_TARGET = 13.0;
				MTL_ENABLE_DEBUG_INFO = NO;
				MTL_FAST_MATH = YES;
				SDKROOT = iphoneos;
				SWIFT_COMPILATION_MODE = wholemodule;
				SWIFT_OPTIMIZATION_LEVEL = "-O";
				VALIDATE_PRODUCT = YES;
			};
			name = Release;
		};
		4E8B8CB4276A57CD00D346D3 /* Debug */ = {
			isa = XCBuildConfiguration;
			buildSettings = {
				ASSETCATALOG_COMPILER_APPICON_NAME = AppIcon;
				ASSETCATALOG_COMPILER_GLOBAL_ACCENT_COLOR_NAME = AccentColor;
				CODE_SIGN_STYLE = Automatic;
				DEVELOPMENT_ASSET_PATHS = "\"DesafioModal2/Preview Content\"";
				DEVELOPMENT_TEAM = 54N8G8CSR3;
				ENABLE_PREVIEWS = YES;
				INFOPLIST_FILE = DesafioModal2/Info.plist;
				IPHONEOS_DEPLOYMENT_TARGET = 14.5;
				LD_RUNPATH_SEARCH_PATHS = (
					"$(inherited)",
					"@executable_path/Frameworks",
				);
				PRODUCT_BUNDLE_IDENTIFIER = Vaivoa.DesafioModal2;
				PRODUCT_NAME = "$(TARGET_NAME)";
				SWIFT_VERSION = 5.0;
				TARGETED_DEVICE_FAMILY = "1,2";
			};
			name = Debug;
		};
		4E8B8CB5276A57CD00D346D3 /* Release */ = {
			isa = XCBuildConfiguration;
			buildSettings = {
				ASSETCATALOG_COMPILER_APPICON_NAME = AppIcon;
				ASSETCATALOG_COMPILER_GLOBAL_ACCENT_COLOR_NAME = AccentColor;
				CODE_SIGN_STYLE = Automatic;
				DEVELOPMENT_ASSET_PATHS = "\"DesafioModal2/Preview Content\"";
				DEVELOPMENT_TEAM = 54N8G8CSR3;
				ENABLE_PREVIEWS = YES;
				INFOPLIST_FILE = DesafioModal2/Info.plist;
				IPHONEOS_DEPLOYMENT_TARGET = 14.5;
				LD_RUNPATH_SEARCH_PATHS = (
					"$(inherited)",
					"@executable_path/Frameworks",
				);
				PRODUCT_BUNDLE_IDENTIFIER = Vaivoa.DesafioModal2;
				PRODUCT_NAME = "$(TARGET_NAME)";
				SWIFT_VERSION = 5.0;
				TARGETED_DEVICE_FAMILY = "1,2";
			};
			name = Release;
		};
/* End XCBuildConfiguration section */

/* Begin XCConfigurationList section */
		4E8B8C9A276A57CD00D346D3 /* Build configuration list for PBXProject "DesafioModal2" */ = {
			isa = XCConfigurationList;
			buildConfigurations = (
				4E8B8CB1276A57CD00D346D3 /* Debug */,
				4E8B8CB2276A57CD00D346D3 /* Release */,
			);
			defaultConfigurationIsVisible = 0;
			defaultConfigurationName = Release;
		};
		4E8B8CB3276A57CD00D346D3 /* Build configuration list for PBXNativeTarget "DesafioModal2" */ = {
			isa = XCConfigurationList;
			buildConfigurations = (
				4E8B8CB4276A57CD00D346D3 /* Debug */,
				4E8B8CB5276A57CD00D346D3 /* Release */,
			);
			defaultConfigurationIsVisible = 0;
			defaultConfigurationName = Release;
		};
/* End XCConfigurationList section */

/* Begin XCRemoteSwiftPackageReference section */
		4E8B8CDC276B656600D346D3 /* XCRemoteSwiftPackageReference "Alamofire" */ = {
			isa = XCRemoteSwiftPackageReference;
			repositoryURL = "https://github.com/Alamofire/Alamofire";
			requirement = {
				kind = upToNextMajorVersion;
				minimumVersion = 5.0.0;
			};
		};
		4E8B8CFF276B9E6B00D346D3 /* XCRemoteSwiftPackageReference "SwiftyJSON" */ = {
			isa = XCRemoteSwiftPackageReference;
			repositoryURL = "https://github.com/SwiftyJSON/SwiftyJSON";
			requirement = {
				kind = upToNextMajorVersion;
				minimumVersion = 5.0.1;
			};
		};
		4E8B8D02276B9EBA00D346D3 /* XCRemoteSwiftPackageReference "SDWebImageSwiftUI" */ = {
			isa = XCRemoteSwiftPackageReference;
			repositoryURL = "https://github.com/SDWebImage/SDWebImageSwiftUI";
			requirement = {
				kind = upToNextMajorVersion;
				minimumVersion = 2.0.2;
			};
		};
/* End XCRemoteSwiftPackageReference section */

/* Begin XCSwiftPackageProductDependency section */
		4E8B8CDD276B656600D346D3 /* Alamofire */ = {
			isa = XCSwiftPackageProductDependency;
			package = 4E8B8CDC276B656600D346D3 /* XCRemoteSwiftPackageReference "Alamofire" */;
			productName = Alamofire;
		};
		4E8B8D00276B9E6C00D346D3 /* SwiftyJSON */ = {
			isa = XCSwiftPackageProductDependency;
			package = 4E8B8CFF276B9E6B00D346D3 /* XCRemoteSwiftPackageReference "SwiftyJSON" */;
			productName = SwiftyJSON;
		};
		4E8B8D03276B9EBA00D346D3 /* SDWebImageSwiftUI */ = {
			isa = XCSwiftPackageProductDependency;
			package = 4E8B8D02276B9EBA00D346D3 /* XCRemoteSwiftPackageReference "SDWebImageSwiftUI" */;
			productName = SDWebImageSwiftUI;
		};
/* End XCSwiftPackageProductDependency section */
	};
	rootObject = 4E8B8C97276A57CD00D346D3 /* Project object */;
}
